// !$*UTF8*$!
{
	archiveVersion = 1;
	classes = {
	};
	objectVersion = 56;
	objects = {

/* Begin PBXBuildFile section */
		6C1002092A8BE9A80049C9A9 /* ThreadsApp.swift in Sources */ = {isa = PBXBuildFile; fileRef = 6C1002082A8BE9A80049C9A9 /* ThreadsApp.swift */; };
		6C10020B2A8BE9A80049C9A9 /* ContentView.swift in Sources */ = {isa = PBXBuildFile; fileRef = 6C10020A2A8BE9A80049C9A9 /* ContentView.swift */; };
		6C10020D2A8BE9AA0049C9A9 /* Assets.xcassets in Resources */ = {isa = PBXBuildFile; fileRef = 6C10020C2A8BE9AA0049C9A9 /* Assets.xcassets */; };
		6C1002102A8BE9AA0049C9A9 /* Preview Assets.xcassets in Resources */ = {isa = PBXBuildFile; fileRef = 6C10020F2A8BE9AA0049C9A9 /* Preview Assets.xcassets */; };
		6C1002242A8BEAD30049C9A9 /* LoginView.swift in Sources */ = {isa = PBXBuildFile; fileRef = 6C1002232A8BEAD30049C9A9 /* LoginView.swift */; };
		6C1EAA3F2B58A897004ACAF0 /* ContentViewModel.swift in Sources */ = {isa = PBXBuildFile; fileRef = 6C1EAA3E2B58A897004ACAF0 /* ContentViewModel.swift */; };
		6C1EAA412B59A1E9004ACAF0 /* LoginViewModel.swift in Sources */ = {isa = PBXBuildFile; fileRef = 6C1EAA402B59A1E9004ACAF0 /* LoginViewModel.swift */; };
		6C507D042B69BAAC00DBAB32 /* ExploreViewModel.swift in Sources */ = {isa = PBXBuildFile; fileRef = 6C507D032B69BAAC00DBAB32 /* ExploreViewModel.swift */; };
		6C507D062B69BC8000DBAB32 /* MockUser.swift in Sources */ = {isa = PBXBuildFile; fileRef = 6C507D052B69BC8000DBAB32 /* MockUser.swift */; };
		6C507D0A2B69C29300DBAB32 /* CurrentUserProfileView.swift in Sources */ = {isa = PBXBuildFile; fileRef = 6C507D092B69C29200DBAB32 /* CurrentUserProfileView.swift */; };
		6C507D0E2B69C5D300DBAB32 /* ProfileHeaderView.swift in Sources */ = {isa = PBXBuildFile; fileRef = 6C507D0D2B69C5D300DBAB32 /* ProfileHeaderView.swift */; };
		6C507D102B69C81700DBAB32 /* UserContentListView.swift in Sources */ = {isa = PBXBuildFile; fileRef = 6C507D0F2B69C81700DBAB32 /* UserContentListView.swift */; };
		6C507D132B69E02100DBAB32 /* EditProfileViewModel.swift in Sources */ = {isa = PBXBuildFile; fileRef = 6C507D122B69E02100DBAB32 /* EditProfileViewModel.swift */; };
		6C507D152B69E3CD00DBAB32 /* ImageUploader.swift in Sources */ = {isa = PBXBuildFile; fileRef = 6C507D142B69E3CD00DBAB32 /* ImageUploader.swift */; };
		6C80E0A42B655C3200E4DC7E /* UserService.swift in Sources */ = {isa = PBXBuildFile; fileRef = 6C80E0A32B655C3200E4DC7E /* UserService.swift */; };
		6C80E0A72B655D5800E4DC7E /* CurrentUserProfileViewModel.swift in Sources */ = {isa = PBXBuildFile; fileRef = 6C80E0A62B655D5800E4DC7E /* CurrentUserProfileViewModel.swift */; };
		6C8351432B52EFF20008EED9 /* ThreadsTabView.swift in Sources */ = {isa = PBXBuildFile; fileRef = 6C8351422B52EFF20008EED9 /* ThreadsTabView.swift */; };
		6C8351462B52FCF20008EED9 /* FeedView.swift in Sources */ = {isa = PBXBuildFile; fileRef = 6C8351452B52FCF20008EED9 /* FeedView.swift */; };
		6C8351492B52FD0F0008EED9 /* ExploreView.swift in Sources */ = {isa = PBXBuildFile; fileRef = 6C8351482B52FD0F0008EED9 /* ExploreView.swift */; };
		6C83514D2B52FD3D0008EED9 /* CreateThreadView.swift in Sources */ = {isa = PBXBuildFile; fileRef = 6C83514C2B52FD3D0008EED9 /* CreateThreadView.swift */; };
		6C8351502B52FD5E0008EED9 /* ActivityView.swift in Sources */ = {isa = PBXBuildFile; fileRef = 6C83514F2B52FD5E0008EED9 /* ActivityView.swift */; };
		6C8351532B52FD7A0008EED9 /* ProfileView.swift in Sources */ = {isa = PBXBuildFile; fileRef = 6C8351522B52FD7A0008EED9 /* ProfileView.swift */; };
		6C8351582B52FF6F0008EED9 /* ThreadCell.swift in Sources */ = {isa = PBXBuildFile; fileRef = 6C8351572B52FF6F0008EED9 /* ThreadCell.swift */; };
		6C83515B2B545C240008EED9 /* CircularProfileImageView.swift in Sources */ = {isa = PBXBuildFile; fileRef = 6C83515A2B545C240008EED9 /* CircularProfileImageView.swift */; };
		6C83515D2B545CA80008EED9 /* UserCell.swift in Sources */ = {isa = PBXBuildFile; fileRef = 6C83515C2B545CA80008EED9 /* UserCell.swift */; };
		6C8351602B545FB60008EED9 /* ProfileThreadFilter.swift in Sources */ = {isa = PBXBuildFile; fileRef = 6C83515F2B545FB60008EED9 /* ProfileThreadFilter.swift */; };
		6C90EEE12B60390D00CC990C /* User.swift in Sources */ = {isa = PBXBuildFile; fileRef = 6C90EEE02B60390D00CC990C /* User.swift */; };
		6CBDD4342B55C3DB002AAE0F /* EditProfileView.swift in Sources */ = {isa = PBXBuildFile; fileRef = 6CBDD4332B55C3DB002AAE0F /* EditProfileView.swift */; };
		6CBDD4412B583DD6002AAE0F /* GoogleService-Info.plist in Resources */ = {isa = PBXBuildFile; fileRef = 6CBDD4402B583DD6002AAE0F /* GoogleService-Info.plist */; };
		6CBDD4442B583E2B002AAE0F /* FirebaseAnalytics in Frameworks */ = {isa = PBXBuildFile; productRef = 6CBDD4432B583E2B002AAE0F /* FirebaseAnalytics */; };
		6CBDD4462B583E2B002AAE0F /* FirebaseAnalyticsOnDeviceConversion in Frameworks */ = {isa = PBXBuildFile; productRef = 6CBDD4452B583E2B002AAE0F /* FirebaseAnalyticsOnDeviceConversion */; };
		6CBDD4482B583E2B002AAE0F /* FirebaseAnalyticsSwift in Frameworks */ = {isa = PBXBuildFile; productRef = 6CBDD4472B583E2B002AAE0F /* FirebaseAnalyticsSwift */; };
		6CBDD44A2B583E2B002AAE0F /* FirebaseAnalyticsWithoutAdIdSupport in Frameworks */ = {isa = PBXBuildFile; productRef = 6CBDD4492B583E2B002AAE0F /* FirebaseAnalyticsWithoutAdIdSupport */; };
		6CBDD44C2B583E2B002AAE0F /* FirebaseAppCheck in Frameworks */ = {isa = PBXBuildFile; productRef = 6CBDD44B2B583E2B002AAE0F /* FirebaseAppCheck */; };
		6CBDD44E2B583E2B002AAE0F /* FirebaseAppDistribution-Beta in Frameworks */ = {isa = PBXBuildFile; productRef = 6CBDD44D2B583E2B002AAE0F /* FirebaseAppDistribution-Beta */; };
		6CBDD4502B583E2B002AAE0F /* FirebaseAuth in Frameworks */ = {isa = PBXBuildFile; productRef = 6CBDD44F2B583E2B002AAE0F /* FirebaseAuth */; };
		6CBDD4522B583E2B002AAE0F /* FirebaseAuthCombine-Community in Frameworks */ = {isa = PBXBuildFile; productRef = 6CBDD4512B583E2B002AAE0F /* FirebaseAuthCombine-Community */; };
		6CBDD4542B583E2B002AAE0F /* FirebaseCrashlytics in Frameworks */ = {isa = PBXBuildFile; productRef = 6CBDD4532B583E2B002AAE0F /* FirebaseCrashlytics */; };
		6CBDD4562B583E2B002AAE0F /* FirebaseDatabase in Frameworks */ = {isa = PBXBuildFile; productRef = 6CBDD4552B583E2B002AAE0F /* FirebaseDatabase */; };
		6CBDD4582B583E2B002AAE0F /* FirebaseDatabaseSwift in Frameworks */ = {isa = PBXBuildFile; productRef = 6CBDD4572B583E2B002AAE0F /* FirebaseDatabaseSwift */; };
		6CBDD45A2B583E2B002AAE0F /* FirebaseDynamicLinks in Frameworks */ = {isa = PBXBuildFile; productRef = 6CBDD4592B583E2B002AAE0F /* FirebaseDynamicLinks */; };
		6CBDD45C2B583E2B002AAE0F /* FirebaseFirestore in Frameworks */ = {isa = PBXBuildFile; productRef = 6CBDD45B2B583E2B002AAE0F /* FirebaseFirestore */; };
		6CBDD45E2B583E2B002AAE0F /* FirebaseFirestoreCombine-Community in Frameworks */ = {isa = PBXBuildFile; productRef = 6CBDD45D2B583E2B002AAE0F /* FirebaseFirestoreCombine-Community */; };
		6CBDD4602B583E2B002AAE0F /* FirebaseFirestoreSwift in Frameworks */ = {isa = PBXBuildFile; productRef = 6CBDD45F2B583E2B002AAE0F /* FirebaseFirestoreSwift */; };
		6CBDD4622B583E2B002AAE0F /* FirebaseFunctions in Frameworks */ = {isa = PBXBuildFile; productRef = 6CBDD4612B583E2B002AAE0F /* FirebaseFunctions */; };
		6CBDD4642B583E2B002AAE0F /* FirebaseFunctionsCombine-Community in Frameworks */ = {isa = PBXBuildFile; productRef = 6CBDD4632B583E2B002AAE0F /* FirebaseFunctionsCombine-Community */; };
		6CBDD4662B583E2B002AAE0F /* FirebaseInAppMessaging-Beta in Frameworks */ = {isa = PBXBuildFile; productRef = 6CBDD4652B583E2B002AAE0F /* FirebaseInAppMessaging-Beta */; };
		6CBDD4682B583E2B002AAE0F /* FirebaseInAppMessagingSwift-Beta in Frameworks */ = {isa = PBXBuildFile; productRef = 6CBDD4672B583E2B002AAE0F /* FirebaseInAppMessagingSwift-Beta */; };
		6CBDD46A2B583E2B002AAE0F /* FirebaseInstallations in Frameworks */ = {isa = PBXBuildFile; productRef = 6CBDD4692B583E2B002AAE0F /* FirebaseInstallations */; };
		6CBDD46C2B583E2B002AAE0F /* FirebaseMLModelDownloader in Frameworks */ = {isa = PBXBuildFile; productRef = 6CBDD46B2B583E2B002AAE0F /* FirebaseMLModelDownloader */; };
		6CBDD46E2B583E2B002AAE0F /* FirebaseMessaging in Frameworks */ = {isa = PBXBuildFile; productRef = 6CBDD46D2B583E2B002AAE0F /* FirebaseMessaging */; };
		6CBDD4702B583E2B002AAE0F /* FirebasePerformance in Frameworks */ = {isa = PBXBuildFile; productRef = 6CBDD46F2B583E2B002AAE0F /* FirebasePerformance */; };
		6CBDD4722B583E2B002AAE0F /* FirebaseRemoteConfig in Frameworks */ = {isa = PBXBuildFile; productRef = 6CBDD4712B583E2B002AAE0F /* FirebaseRemoteConfig */; };
		6CBDD4742B583E2B002AAE0F /* FirebaseRemoteConfigSwift in Frameworks */ = {isa = PBXBuildFile; productRef = 6CBDD4732B583E2B002AAE0F /* FirebaseRemoteConfigSwift */; };
		6CBDD4762B583E2B002AAE0F /* FirebaseStorage in Frameworks */ = {isa = PBXBuildFile; productRef = 6CBDD4752B583E2B002AAE0F /* FirebaseStorage */; };
		6CBDD4782B583E2B002AAE0F /* FirebaseStorageCombine-Community in Frameworks */ = {isa = PBXBuildFile; productRef = 6CBDD4772B583E2B002AAE0F /* FirebaseStorageCombine-Community */; };
		6CBDD47C2B58418E002AAE0F /* RegistrationViewModel.swift in Sources */ = {isa = PBXBuildFile; fileRef = 6CBDD47B2B58418E002AAE0F /* RegistrationViewModel.swift */; };
		6CBDD47E2B58427F002AAE0F /* AuthService.swift in Sources */ = {isa = PBXBuildFile; fileRef = 6CBDD47D2B58427F002AAE0F /* AuthService.swift */; };
		6CC7E8742B447D6E00027E2F /* RegistrationView.swift in Sources */ = {isa = PBXBuildFile; fileRef = 6CC7E8732B447D6E00027E2F /* RegistrationView.swift */; };
		6CC7E8772B447F1B00027E2F /* TextFieldModifiers.swift in Sources */ = {isa = PBXBuildFile; fileRef = 6CC7E8762B447F1B00027E2F /* TextFieldModifiers.swift */; };
		6CE394062B69E94C00324366 /* AlertItem.swift in Sources */ = {isa = PBXBuildFile; fileRef = 6CE394052B69E94C00324366 /* AlertItem.swift */; };
		6CF0FEBC2B7139230089D6BC /* Kingfisher in Frameworks */ = {isa = PBXBuildFile; productRef = 6CF0FEBB2B7139230089D6BC /* Kingfisher */; };
		6CF0FEBE2B7142120089D6BC /* Thread.swift in Sources */ = {isa = PBXBuildFile; fileRef = 6CF0FEBD2B7142120089D6BC /* Thread.swift */; };
		6CF0FEC12B7142D90089D6BC /* CreateThreadViewModel.swift in Sources */ = {isa = PBXBuildFile; fileRef = 6CF0FEC02B7142D90089D6BC /* CreateThreadViewModel.swift */; };
		6CF0FEC32B7142F00089D6BC /* ThreadService.swift in Sources */ = {isa = PBXBuildFile; fileRef = 6CF0FEC22B7142F00089D6BC /* ThreadService.swift */; };
/* End PBXBuildFile section */

/* Begin PBXFileReference section */
		6C1002052A8BE9A80049C9A9 /* Threads.app */ = {isa = PBXFileReference; explicitFileType = wrapper.application; includeInIndex = 0; path = Threads.app; sourceTree = BUILT_PRODUCTS_DIR; };
		6C1002082A8BE9A80049C9A9 /* ThreadsApp.swift */ = {isa = PBXFileReference; lastKnownFileType = sourcecode.swift; path = ThreadsApp.swift; sourceTree = "<group>"; };
		6C10020A2A8BE9A80049C9A9 /* ContentView.swift */ = {isa = PBXFileReference; lastKnownFileType = sourcecode.swift; path = ContentView.swift; sourceTree = "<group>"; };
		6C10020C2A8BE9AA0049C9A9 /* Assets.xcassets */ = {isa = PBXFileReference; lastKnownFileType = folder.assetcatalog; path = Assets.xcassets; sourceTree = "<group>"; };
		6C10020F2A8BE9AA0049C9A9 /* Preview Assets.xcassets */ = {isa = PBXFileReference; lastKnownFileType = folder.assetcatalog; path = "Preview Assets.xcassets"; sourceTree = "<group>"; };
		6C1002232A8BEAD30049C9A9 /* LoginView.swift */ = {isa = PBXFileReference; lastKnownFileType = sourcecode.swift; path = LoginView.swift; sourceTree = "<group>"; };
		6C1EAA3E2B58A897004ACAF0 /* ContentViewModel.swift */ = {isa = PBXFileReference; lastKnownFileType = sourcecode.swift; path = ContentViewModel.swift; sourceTree = "<group>"; };
		6C1EAA402B59A1E9004ACAF0 /* LoginViewModel.swift */ = {isa = PBXFileReference; lastKnownFileType = sourcecode.swift; path = LoginViewModel.swift; sourceTree = "<group>"; };
		6C507D032B69BAAC00DBAB32 /* ExploreViewModel.swift */ = {isa = PBXFileReference; lastKnownFileType = sourcecode.swift; path = ExploreViewModel.swift; sourceTree = "<group>"; };
		6C507D052B69BC8000DBAB32 /* MockUser.swift */ = {isa = PBXFileReference; lastKnownFileType = sourcecode.swift; path = MockUser.swift; sourceTree = "<group>"; };
		6C507D092B69C29200DBAB32 /* CurrentUserProfileView.swift */ = {isa = PBXFileReference; lastKnownFileType = sourcecode.swift; path = CurrentUserProfileView.swift; sourceTree = "<group>"; };
		6C507D0D2B69C5D300DBAB32 /* ProfileHeaderView.swift */ = {isa = PBXFileReference; lastKnownFileType = sourcecode.swift; path = ProfileHeaderView.swift; sourceTree = "<group>"; };
		6C507D0F2B69C81700DBAB32 /* UserContentListView.swift */ = {isa = PBXFileReference; lastKnownFileType = sourcecode.swift; path = UserContentListView.swift; sourceTree = "<group>"; };
		6C507D122B69E02100DBAB32 /* EditProfileViewModel.swift */ = {isa = PBXFileReference; lastKnownFileType = sourcecode.swift; path = EditProfileViewModel.swift; sourceTree = "<group>"; };
		6C507D142B69E3CD00DBAB32 /* ImageUploader.swift */ = {isa = PBXFileReference; lastKnownFileType = sourcecode.swift; path = ImageUploader.swift; sourceTree = "<group>"; };
		6C80E0A32B655C3200E4DC7E /* UserService.swift */ = {isa = PBXFileReference; lastKnownFileType = sourcecode.swift; path = UserService.swift; sourceTree = "<group>"; };
		6C80E0A62B655D5800E4DC7E /* CurrentUserProfileViewModel.swift */ = {isa = PBXFileReference; lastKnownFileType = sourcecode.swift; path = CurrentUserProfileViewModel.swift; sourceTree = "<group>"; };
		6C8351422B52EFF20008EED9 /* ThreadsTabView.swift */ = {isa = PBXFileReference; lastKnownFileType = sourcecode.swift; path = ThreadsTabView.swift; sourceTree = "<group>"; };
		6C8351452B52FCF20008EED9 /* FeedView.swift */ = {isa = PBXFileReference; lastKnownFileType = sourcecode.swift; path = FeedView.swift; sourceTree = "<group>"; };
		6C8351482B52FD0F0008EED9 /* ExploreView.swift */ = {isa = PBXFileReference; lastKnownFileType = sourcecode.swift; path = ExploreView.swift; sourceTree = "<group>"; };
		6C83514C2B52FD3D0008EED9 /* CreateThreadView.swift */ = {isa = PBXFileReference; lastKnownFileType = sourcecode.swift; path = CreateThreadView.swift; sourceTree = "<group>"; };
		6C83514F2B52FD5E0008EED9 /* ActivityView.swift */ = {isa = PBXFileReference; lastKnownFileType = sourcecode.swift; path = ActivityView.swift; sourceTree = "<group>"; };
		6C8351522B52FD7A0008EED9 /* ProfileView.swift */ = {isa = PBXFileReference; lastKnownFileType = sourcecode.swift; path = ProfileView.swift; sourceTree = "<group>"; };
		6C8351572B52FF6F0008EED9 /* ThreadCell.swift */ = {isa = PBXFileReference; lastKnownFileType = sourcecode.swift; path = ThreadCell.swift; sourceTree = "<group>"; };
		6C83515A2B545C240008EED9 /* CircularProfileImageView.swift */ = {isa = PBXFileReference; lastKnownFileType = sourcecode.swift; path = CircularProfileImageView.swift; sourceTree = "<group>"; };
		6C83515C2B545CA80008EED9 /* UserCell.swift */ = {isa = PBXFileReference; lastKnownFileType = sourcecode.swift; path = UserCell.swift; sourceTree = "<group>"; };
		6C83515F2B545FB60008EED9 /* ProfileThreadFilter.swift */ = {isa = PBXFileReference; lastKnownFileType = sourcecode.swift; path = ProfileThreadFilter.swift; sourceTree = "<group>"; };
		6C90EEE02B60390D00CC990C /* User.swift */ = {isa = PBXFileReference; lastKnownFileType = sourcecode.swift; path = User.swift; sourceTree = "<group>"; };
		6CBDD4332B55C3DB002AAE0F /* EditProfileView.swift */ = {isa = PBXFileReference; lastKnownFileType = sourcecode.swift; path = EditProfileView.swift; sourceTree = "<group>"; };
		6CBDD4402B583DD6002AAE0F /* GoogleService-Info.plist */ = {isa = PBXFileReference; fileEncoding = 4; lastKnownFileType = text.plist.xml; path = "GoogleService-Info.plist"; sourceTree = "<group>"; };
		6CBDD47B2B58418E002AAE0F /* RegistrationViewModel.swift */ = {isa = PBXFileReference; lastKnownFileType = sourcecode.swift; path = RegistrationViewModel.swift; sourceTree = "<group>"; };
		6CBDD47D2B58427F002AAE0F /* AuthService.swift */ = {isa = PBXFileReference; lastKnownFileType = sourcecode.swift; path = AuthService.swift; sourceTree = "<group>"; };
		6CC7E8732B447D6E00027E2F /* RegistrationView.swift */ = {isa = PBXFileReference; lastKnownFileType = sourcecode.swift; path = RegistrationView.swift; sourceTree = "<group>"; };
		6CC7E8762B447F1B00027E2F /* TextFieldModifiers.swift */ = {isa = PBXFileReference; lastKnownFileType = sourcecode.swift; path = TextFieldModifiers.swift; sourceTree = "<group>"; };
		6CE394052B69E94C00324366 /* AlertItem.swift */ = {isa = PBXFileReference; fileEncoding = 4; lastKnownFileType = sourcecode.swift; path = AlertItem.swift; sourceTree = "<group>"; };
		6CF0FEBD2B7142120089D6BC /* Thread.swift */ = {isa = PBXFileReference; lastKnownFileType = sourcecode.swift; path = Thread.swift; sourceTree = "<group>"; };
		6CF0FEC02B7142D90089D6BC /* CreateThreadViewModel.swift */ = {isa = PBXFileReference; lastKnownFileType = sourcecode.swift; path = CreateThreadViewModel.swift; sourceTree = "<group>"; };
		6CF0FEC22B7142F00089D6BC /* ThreadService.swift */ = {isa = PBXFileReference; lastKnownFileType = sourcecode.swift; path = ThreadService.swift; sourceTree = "<group>"; };
/* End PBXFileReference section */

/* Begin PBXFrameworksBuildPhase section */
		6C1002022A8BE9A80049C9A9 /* Frameworks */ = {
			isa = PBXFrameworksBuildPhase;
			buildActionMask = 2147483647;
			files = (
				6CBDD4562B583E2B002AAE0F /* FirebaseDatabase in Frameworks */,
				6CBDD4642B583E2B002AAE0F /* FirebaseFunctionsCombine-Community in Frameworks */,
				6CBDD45C2B583E2B002AAE0F /* FirebaseFirestore in Frameworks */,
				6CBDD4482B583E2B002AAE0F /* FirebaseAnalyticsSwift in Frameworks */,
				6CBDD4442B583E2B002AAE0F /* FirebaseAnalytics in Frameworks */,
				6CBDD4462B583E2B002AAE0F /* FirebaseAnalyticsOnDeviceConversion in Frameworks */,
				6CBDD46C2B583E2B002AAE0F /* FirebaseMLModelDownloader in Frameworks */,
				6CBDD4602B583E2B002AAE0F /* FirebaseFirestoreSwift in Frameworks */,
				6CBDD44C2B583E2B002AAE0F /* FirebaseAppCheck in Frameworks */,
				6CBDD44A2B583E2B002AAE0F /* FirebaseAnalyticsWithoutAdIdSupport in Frameworks */,
				6CBDD4502B583E2B002AAE0F /* FirebaseAuth in Frameworks */,
				6CBDD4542B583E2B002AAE0F /* FirebaseCrashlytics in Frameworks */,
				6CBDD4742B583E2B002AAE0F /* FirebaseRemoteConfigSwift in Frameworks */,
				6CBDD4662B583E2B002AAE0F /* FirebaseInAppMessaging-Beta in Frameworks */,
				6CBDD4582B583E2B002AAE0F /* FirebaseDatabaseSwift in Frameworks */,
				6CBDD4622B583E2B002AAE0F /* FirebaseFunctions in Frameworks */,
				6CF0FEBC2B7139230089D6BC /* Kingfisher in Frameworks */,
				6CBDD4782B583E2B002AAE0F /* FirebaseStorageCombine-Community in Frameworks */,
				6CBDD4722B583E2B002AAE0F /* FirebaseRemoteConfig in Frameworks */,
				6CBDD44E2B583E2B002AAE0F /* FirebaseAppDistribution-Beta in Frameworks */,
				6CBDD4522B583E2B002AAE0F /* FirebaseAuthCombine-Community in Frameworks */,
				6CBDD4702B583E2B002AAE0F /* FirebasePerformance in Frameworks */,
				6CBDD4682B583E2B002AAE0F /* FirebaseInAppMessagingSwift-Beta in Frameworks */,
				6CBDD4762B583E2B002AAE0F /* FirebaseStorage in Frameworks */,
				6CBDD45A2B583E2B002AAE0F /* FirebaseDynamicLinks in Frameworks */,
				6CBDD45E2B583E2B002AAE0F /* FirebaseFirestoreCombine-Community in Frameworks */,
				6CBDD46E2B583E2B002AAE0F /* FirebaseMessaging in Frameworks */,
				6CBDD46A2B583E2B002AAE0F /* FirebaseInstallations in Frameworks */,
			);
			runOnlyForDeploymentPostprocessing = 0;
		};
/* End PBXFrameworksBuildPhase section */

/* Begin PBXGroup section */
		6C1001FC2A8BE9A80049C9A9 = {
			isa = PBXGroup;
			children = (
				6C1002072A8BE9A80049C9A9 /* Threads */,
				6C1002062A8BE9A80049C9A9 /* Products */,
			);
			sourceTree = "<group>";
		};
		6C1002062A8BE9A80049C9A9 /* Products */ = {
			isa = PBXGroup;
			children = (
				6C1002052A8BE9A80049C9A9 /* Threads.app */,
			);
			name = Products;
			sourceTree = "<group>";
		};
		6C1002072A8BE9A80049C9A9 /* Threads */ = {
			isa = PBXGroup;
			children = (
				6C10021F2A8BEA210049C9A9 /* App */,
				6C10021E2A8BEA1F0049C9A9 /* Core */,
				6C10021D2A8BEA1E0049C9A9 /* Extensions */,
				6C10021C2A8BEA1C0049C9A9 /* Model */,
				6C1002172A8BEA110049C9A9 /* Services */,
				6C1002162A8BEA060049C9A9 /* Utils */,
				6CBDD4402B583DD6002AAE0F /* GoogleService-Info.plist */,
				6C10020C2A8BE9AA0049C9A9 /* Assets.xcassets */,
				6C10020E2A8BE9AA0049C9A9 /* Preview Content */,
			);
			path = Threads;
			sourceTree = "<group>";
		};
		6C10020E2A8BE9AA0049C9A9 /* Preview Content */ = {
			isa = PBXGroup;
			children = (
				6C10020F2A8BE9AA0049C9A9 /* Preview Assets.xcassets */,
			);
			path = "Preview Content";
			sourceTree = "<group>";
		};
		6C1002162A8BEA060049C9A9 /* Utils */ = {
			isa = PBXGroup;
			children = (
				6CE394052B69E94C00324366 /* AlertItem.swift */,
				6CC7E8752B447F0800027E2F /* ViewModifiers */,
			);
			path = Utils;
			sourceTree = "<group>";
		};
		6C1002172A8BEA110049C9A9 /* Services */ = {
			isa = PBXGroup;
			children = (
				6C80E0A32B655C3200E4DC7E /* UserService.swift */,
				6C507D142B69E3CD00DBAB32 /* ImageUploader.swift */,
				6CF0FEC22B7142F00089D6BC /* ThreadService.swift */,
			);
			path = Services;
			sourceTree = "<group>";
		};
		6C10021C2A8BEA1C0049C9A9 /* Model */ = {
			isa = PBXGroup;
			children = (
				6C90EEE02B60390D00CC990C /* User.swift */,
				6CF0FEBD2B7142120089D6BC /* Thread.swift */,
			);
			path = Model;
			sourceTree = "<group>";
		};
		6C10021D2A8BEA1E0049C9A9 /* Extensions */ = {
			isa = PBXGroup;
			children = (
				6C507D052B69BC8000DBAB32 /* MockUser.swift */,
			);
			path = Extensions;
			sourceTree = "<group>";
		};
		6C10021E2A8BEA1F0049C9A9 /* Core */ = {
			isa = PBXGroup;
			children = (
				6C8351592B54268C0008EED9 /* Components */,
				6C8351512B52FD710008EED9 /* Profile */,
				6C83514E2B52FD520008EED9 /* Activity */,
				6C83514A2B52FD220008EED9 /* ThreadCreation */,
				6C8351472B52FD080008EED9 /* Explore */,
				6C8351442B52FCE80008EED9 /* Feed */,
				6C1002202A8BEA500049C9A9 /* Authentication */,
				6C1002212A8BEA710049C9A9 /* Root */,
				6C8351412B52EFD40008EED9 /* TabBar */,
			);
			path = Core;
			sourceTree = "<group>";
		};
		6C10021F2A8BEA210049C9A9 /* App */ = {
			isa = PBXGroup;
			children = (
				6C1002082A8BE9A80049C9A9 /* ThreadsApp.swift */,
			);
			path = App;
			sourceTree = "<group>";
		};
		6C1002202A8BEA500049C9A9 /* Authentication */ = {
			isa = PBXGroup;
			children = (
				6CBDD47A2B58417D002AAE0F /* Service */,
				6CBDD4792B584174002AAE0F /* ViewModel */,
				6C1002222A8BEABF0049C9A9 /* Views */,
			);
			path = Authentication;
			sourceTree = "<group>";
		};
		6C1002212A8BEA710049C9A9 /* Root */ = {
			isa = PBXGroup;
			children = (
				6C1EAA3D2B58A887004ACAF0 /* ViewModel */,
				6C1EAA3C2B58A87F004ACAF0 /* View */,
			);
			path = Root;
			sourceTree = "<group>";
		};
		6C1002222A8BEABF0049C9A9 /* Views */ = {
			isa = PBXGroup;
			children = (
				6C1002232A8BEAD30049C9A9 /* LoginView.swift */,
				6CC7E8732B447D6E00027E2F /* RegistrationView.swift */,
			);
			path = Views;
			sourceTree = "<group>";
		};
		6C1EAA3C2B58A87F004ACAF0 /* View */ = {
			isa = PBXGroup;
			children = (
				6C10020A2A8BE9A80049C9A9 /* ContentView.swift */,
			);
			path = View;
			sourceTree = "<group>";
		};
		6C1EAA3D2B58A887004ACAF0 /* ViewModel */ = {
			isa = PBXGroup;
			children = (
				6C1EAA3E2B58A897004ACAF0 /* ContentViewModel.swift */,
			);
			path = ViewModel;
			sourceTree = "<group>";
		};
		6C507D022B69BAA200DBAB32 /* ViewModel */ = {
			isa = PBXGroup;
			children = (
				6C507D032B69BAAC00DBAB32 /* ExploreViewModel.swift */,
			);
			path = ViewModel;
			sourceTree = "<group>";
		};
		6C507D072B69C26B00DBAB32 /* CurrentUserProfile */ = {
			isa = PBXGroup;
			children = (
				6C80E0A52B655D4600E4DC7E /* ViewModel */,
				6C507D082B69C28600DBAB32 /* View */,
			);
			path = CurrentUserProfile;
			sourceTree = "<group>";
		};
		6C507D082B69C28600DBAB32 /* View */ = {
			isa = PBXGroup;
			children = (
				6C507D092B69C29200DBAB32 /* CurrentUserProfileView.swift */,
			);
			path = View;
			sourceTree = "<group>";
		};
		6C507D0C2B69C5BF00DBAB32 /* Components */ = {
			isa = PBXGroup;
			children = (
				6C507D0D2B69C5D300DBAB32 /* ProfileHeaderView.swift */,
				6C507D0F2B69C81700DBAB32 /* UserContentListView.swift */,
			);
			path = Components;
			sourceTree = "<group>";
		};
		6C507D112B69E01400DBAB32 /* ViewModel */ = {
			isa = PBXGroup;
			children = (
				6C507D122B69E02100DBAB32 /* EditProfileViewModel.swift */,
			);
			path = ViewModel;
			sourceTree = "<group>";
		};
		6C80E0A52B655D4600E4DC7E /* ViewModel */ = {
			isa = PBXGroup;
			children = (
				6C80E0A62B655D5800E4DC7E /* CurrentUserProfileViewModel.swift */,
			);
			name = ViewModel;
			path = ../ViewModel;
			sourceTree = "<group>";
		};
		6C8351412B52EFD40008EED9 /* TabBar */ = {
			isa = PBXGroup;
			children = (
				6C8351422B52EFF20008EED9 /* ThreadsTabView.swift */,
			);
			path = TabBar;
			sourceTree = "<group>";
		};
		6C8351442B52FCE80008EED9 /* Feed */ = {
			isa = PBXGroup;
			children = (
				6C8351562B52FF620008EED9 /* View */,
			);
			path = Feed;
			sourceTree = "<group>";
		};
		6C8351472B52FD080008EED9 /* Explore */ = {
			isa = PBXGroup;
			children = (
				6C507D022B69BAA200DBAB32 /* ViewModel */,
				6C8351482B52FD0F0008EED9 /* ExploreView.swift */,
			);
			path = Explore;
			sourceTree = "<group>";
		};
		6C83514A2B52FD220008EED9 /* ThreadCreation */ = {
			isa = PBXGroup;
			children = (
				6CF0FEBF2B7142C80089D6BC /* ViewModel */,
				6C83514B2B52FD2F0008EED9 /* View */,
			);
			path = ThreadCreation;
			sourceTree = "<group>";
		};
		6C83514B2B52FD2F0008EED9 /* View */ = {
			isa = PBXGroup;
			children = (
				6C83514C2B52FD3D0008EED9 /* CreateThreadView.swift */,
			);
			path = View;
			sourceTree = "<group>";
		};
		6C83514E2B52FD520008EED9 /* Activity */ = {
			isa = PBXGroup;
			children = (
				6C8351552B52FD8E0008EED9 /* View */,
			);
			path = Activity;
			sourceTree = "<group>";
		};
		6C8351512B52FD710008EED9 /* Profile */ = {
			isa = PBXGroup;
			children = (
				6C507D0C2B69C5BF00DBAB32 /* Components */,
				6C507D072B69C26B00DBAB32 /* CurrentUserProfile */,
				6CBDD4312B55C342002AAE0F /* EditProfile */,
				6C83515E2B545FA70008EED9 /* Model */,
				6C8351542B52FD870008EED9 /* UserProfile */,
			);
			path = Profile;
			sourceTree = "<group>";
		};
		6C8351542B52FD870008EED9 /* UserProfile */ = {
			isa = PBXGroup;
			children = (
				6C8351522B52FD7A0008EED9 /* ProfileView.swift */,
			);
			path = UserProfile;
			sourceTree = "<group>";
		};
		6C8351552B52FD8E0008EED9 /* View */ = {
			isa = PBXGroup;
			children = (
				6C83514F2B52FD5E0008EED9 /* ActivityView.swift */,
			);
			path = View;
			sourceTree = "<group>";
		};
		6C8351562B52FF620008EED9 /* View */ = {
			isa = PBXGroup;
			children = (
				6C8351452B52FCF20008EED9 /* FeedView.swift */,
				6C8351572B52FF6F0008EED9 /* ThreadCell.swift */,
			);
			path = View;
			sourceTree = "<group>";
		};
		6C8351592B54268C0008EED9 /* Components */ = {
			isa = PBXGroup;
			children = (
				6C83515A2B545C240008EED9 /* CircularProfileImageView.swift */,
				6C83515C2B545CA80008EED9 /* UserCell.swift */,
			);
			path = Components;
			sourceTree = "<group>";
		};
		6C83515E2B545FA70008EED9 /* Model */ = {
			isa = PBXGroup;
			children = (
				6C83515F2B545FB60008EED9 /* ProfileThreadFilter.swift */,
			);
			path = Model;
			sourceTree = "<group>";
		};
		6CBDD4312B55C342002AAE0F /* EditProfile */ = {
			isa = PBXGroup;
			children = (
				6C507D112B69E01400DBAB32 /* ViewModel */,
				6CBDD4322B55C3C7002AAE0F /* Views */,
			);
			path = EditProfile;
			sourceTree = "<group>";
		};
		6CBDD4322B55C3C7002AAE0F /* Views */ = {
			isa = PBXGroup;
			children = (
				6CBDD4332B55C3DB002AAE0F /* EditProfileView.swift */,
			);
			path = Views;
			sourceTree = "<group>";
		};
		6CBDD4792B584174002AAE0F /* ViewModel */ = {
			isa = PBXGroup;
			children = (
				6CBDD47B2B58418E002AAE0F /* RegistrationViewModel.swift */,
				6C1EAA402B59A1E9004ACAF0 /* LoginViewModel.swift */,
			);
			path = ViewModel;
			sourceTree = "<group>";
		};
		6CBDD47A2B58417D002AAE0F /* Service */ = {
			isa = PBXGroup;
			children = (
				6CBDD47D2B58427F002AAE0F /* AuthService.swift */,
			);
			path = Service;
			sourceTree = "<group>";
		};
		6CC7E8752B447F0800027E2F /* ViewModifiers */ = {
			isa = PBXGroup;
			children = (
				6CC7E8762B447F1B00027E2F /* TextFieldModifiers.swift */,
			);
			path = ViewModifiers;
			sourceTree = "<group>";
		};
		6CF0FEBF2B7142C80089D6BC /* ViewModel */ = {
			isa = PBXGroup;
			children = (
				6CF0FEC02B7142D90089D6BC /* CreateThreadViewModel.swift */,
			);
			path = ViewModel;
			sourceTree = "<group>";
		};
/* End PBXGroup section */

/* Begin PBXNativeTarget section */
		6C1002042A8BE9A80049C9A9 /* Threads */ = {
			isa = PBXNativeTarget;
			buildConfigurationList = 6C1002132A8BE9AA0049C9A9 /* Build configuration list for PBXNativeTarget "Threads" */;
			buildPhases = (
				6C1002012A8BE9A80049C9A9 /* Sources */,
				6C1002022A8BE9A80049C9A9 /* Frameworks */,
				6C1002032A8BE9A80049C9A9 /* Resources */,
			);
			buildRules = (
			);
			dependencies = (
			);
			name = Threads;
			packageProductDependencies = (
				6CBDD4432B583E2B002AAE0F /* FirebaseAnalytics */,
				6CBDD4452B583E2B002AAE0F /* FirebaseAnalyticsOnDeviceConversion */,
				6CBDD4472B583E2B002AAE0F /* FirebaseAnalyticsSwift */,
				6CBDD4492B583E2B002AAE0F /* FirebaseAnalyticsWithoutAdIdSupport */,
				6CBDD44B2B583E2B002AAE0F /* FirebaseAppCheck */,
				6CBDD44D2B583E2B002AAE0F /* FirebaseAppDistribution-Beta */,
				6CBDD44F2B583E2B002AAE0F /* FirebaseAuth */,
				6CBDD4512B583E2B002AAE0F /* FirebaseAuthCombine-Community */,
				6CBDD4532B583E2B002AAE0F /* FirebaseCrashlytics */,
				6CBDD4552B583E2B002AAE0F /* FirebaseDatabase */,
				6CBDD4572B583E2B002AAE0F /* FirebaseDatabaseSwift */,
				6CBDD4592B583E2B002AAE0F /* FirebaseDynamicLinks */,
				6CBDD45B2B583E2B002AAE0F /* FirebaseFirestore */,
				6CBDD45D2B583E2B002AAE0F /* FirebaseFirestoreCombine-Community */,
				6CBDD45F2B583E2B002AAE0F /* FirebaseFirestoreSwift */,
				6CBDD4612B583E2B002AAE0F /* FirebaseFunctions */,
				6CBDD4632B583E2B002AAE0F /* FirebaseFunctionsCombine-Community */,
				6CBDD4652B583E2B002AAE0F /* FirebaseInAppMessaging-Beta */,
				6CBDD4672B583E2B002AAE0F /* FirebaseInAppMessagingSwift-Beta */,
				6CBDD4692B583E2B002AAE0F /* FirebaseInstallations */,
				6CBDD46B2B583E2B002AAE0F /* FirebaseMLModelDownloader */,
				6CBDD46D2B583E2B002AAE0F /* FirebaseMessaging */,
				6CBDD46F2B583E2B002AAE0F /* FirebasePerformance */,
				6CBDD4712B583E2B002AAE0F /* FirebaseRemoteConfig */,
				6CBDD4732B583E2B002AAE0F /* FirebaseRemoteConfigSwift */,
				6CBDD4752B583E2B002AAE0F /* FirebaseStorage */,
				6CBDD4772B583E2B002AAE0F /* FirebaseStorageCombine-Community */,
				6CF0FEBB2B7139230089D6BC /* Kingfisher */,
			);
			productName = Threads;
			productReference = 6C1002052A8BE9A80049C9A9 /* Threads.app */;
			productType = "com.apple.product-type.application";
		};
/* End PBXNativeTarget section */

/* Begin PBXProject section */
		6C1001FD2A8BE9A80049C9A9 /* Project object */ = {
			isa = PBXProject;
			attributes = {
				BuildIndependentTargetsInParallel = 1;
				LastSwiftUpdateCheck = 1430;
				LastUpgradeCheck = 1430;
				TargetAttributes = {
					6C1002042A8BE9A80049C9A9 = {
						CreatedOnToolsVersion = 14.3.1;
					};
				};
			};
			buildConfigurationList = 6C1002002A8BE9A80049C9A9 /* Build configuration list for PBXProject "Threads" */;
			compatibilityVersion = "Xcode 14.0";
			developmentRegion = en;
			hasScannedForEncodings = 0;
			knownRegions = (
				en,
				Base,
			);
			mainGroup = 6C1001FC2A8BE9A80049C9A9;
			packageReferences = (
				6CBDD4422B583E2B002AAE0F /* XCRemoteSwiftPackageReference "firebase-ios-sdk" */,
				6CF0FEBA2B7139230089D6BC /* XCRemoteSwiftPackageReference "Kingfisher" */,
			);
			productRefGroup = 6C1002062A8BE9A80049C9A9 /* Products */;
			projectDirPath = "";
			projectRoot = "";
			targets = (
				6C1002042A8BE9A80049C9A9 /* Threads */,
			);
		};
/* End PBXProject section */

/* Begin PBXResourcesBuildPhase section */
		6C1002032A8BE9A80049C9A9 /* Resources */ = {
			isa = PBXResourcesBuildPhase;
			buildActionMask = 2147483647;
			files = (
				6C1002102A8BE9AA0049C9A9 /* Preview Assets.xcassets in Resources */,
				6C10020D2A8BE9AA0049C9A9 /* Assets.xcassets in Resources */,
				6CBDD4412B583DD6002AAE0F /* GoogleService-Info.plist in Resources */,
			);
			runOnlyForDeploymentPostprocessing = 0;
		};
/* End PBXResourcesBuildPhase section */

/* Begin PBXSourcesBuildPhase section */
		6C1002012A8BE9A80049C9A9 /* Sources */ = {
			isa = PBXSourcesBuildPhase;
			buildActionMask = 2147483647;
			files = (
				6C507D062B69BC8000DBAB32 /* MockUser.swift in Sources */,
				6C8351462B52FCF20008EED9 /* FeedView.swift in Sources */,
				6CBDD47C2B58418E002AAE0F /* RegistrationViewModel.swift in Sources */,
				6C1002242A8BEAD30049C9A9 /* LoginView.swift in Sources */,
				6CBDD47E2B58427F002AAE0F /* AuthService.swift in Sources */,
				6CE394062B69E94C00324366 /* AlertItem.swift in Sources */,
				6C507D132B69E02100DBAB32 /* EditProfileViewModel.swift in Sources */,
				6CF0FEC32B7142F00089D6BC /* ThreadService.swift in Sources */,
				6CBDD4342B55C3DB002AAE0F /* EditProfileView.swift in Sources */,
				6C10020B2A8BE9A80049C9A9 /* ContentView.swift in Sources */,
				6C80E0A42B655C3200E4DC7E /* UserService.swift in Sources */,
				6C8351582B52FF6F0008EED9 /* ThreadCell.swift in Sources */,
				6C507D102B69C81700DBAB32 /* UserContentListView.swift in Sources */,
				6C8351502B52FD5E0008EED9 /* ActivityView.swift in Sources */,
				6C1EAA412B59A1E9004ACAF0 /* LoginViewModel.swift in Sources */,
				6C83515B2B545C240008EED9 /* CircularProfileImageView.swift in Sources */,
				6C83515D2B545CA80008EED9 /* UserCell.swift in Sources */,
				6C507D042B69BAAC00DBAB32 /* ExploreViewModel.swift in Sources */,
				6CF0FEC12B7142D90089D6BC /* CreateThreadViewModel.swift in Sources */,
				6C83514D2B52FD3D0008EED9 /* CreateThreadView.swift in Sources */,
				6C507D152B69E3CD00DBAB32 /* ImageUploader.swift in Sources */,
				6C8351602B545FB60008EED9 /* ProfileThreadFilter.swift in Sources */,
				6C1EAA3F2B58A897004ACAF0 /* ContentViewModel.swift in Sources */,
				6C80E0A72B655D5800E4DC7E /* CurrentUserProfileViewModel.swift in Sources */,
				6C8351432B52EFF20008EED9 /* ThreadsTabView.swift in Sources */,
				6C507D0A2B69C29300DBAB32 /* CurrentUserProfileView.swift in Sources */,
				6C1002092A8BE9A80049C9A9 /* ThreadsApp.swift in Sources */,
				6CC7E8772B447F1B00027E2F /* TextFieldModifiers.swift in Sources */,
				6C507D0E2B69C5D300DBAB32 /* ProfileHeaderView.swift in Sources */,
				6C8351492B52FD0F0008EED9 /* ExploreView.swift in Sources */,
				6C8351532B52FD7A0008EED9 /* ProfileView.swift in Sources */,
				6CC7E8742B447D6E00027E2F /* RegistrationView.swift in Sources */,
				6C90EEE12B60390D00CC990C /* User.swift in Sources */,
				6CF0FEBE2B7142120089D6BC /* Thread.swift in Sources */,
			);
			runOnlyForDeploymentPostprocessing = 0;
		};
/* End PBXSourcesBuildPhase section */

/* Begin XCBuildConfiguration section */
		6C1002112A8BE9AA0049C9A9 /* Debug */ = {
			isa = XCBuildConfiguration;
			buildSettings = {
				ALWAYS_SEARCH_USER_PATHS = NO;
				CLANG_ANALYZER_NONNULL = YES;
				CLANG_ANALYZER_NUMBER_OBJECT_CONVERSION = YES_AGGRESSIVE;
				CLANG_CXX_LANGUAGE_STANDARD = "gnu++20";
				CLANG_ENABLE_MODULES = YES;
				CLANG_ENABLE_OBJC_ARC = YES;
				CLANG_ENABLE_OBJC_WEAK = YES;
				CLANG_WARN_BLOCK_CAPTURE_AUTORELEASING = YES;
				CLANG_WARN_BOOL_CONVERSION = YES;
				CLANG_WARN_COMMA = YES;
				CLANG_WARN_CONSTANT_CONVERSION = YES;
				CLANG_WARN_DEPRECATED_OBJC_IMPLEMENTATIONS = YES;
				CLANG_WARN_DIRECT_OBJC_ISA_USAGE = YES_ERROR;
				CLANG_WARN_DOCUMENTATION_COMMENTS = YES;
				CLANG_WARN_EMPTY_BODY = YES;
				CLANG_WARN_ENUM_CONVERSION = YES;
				CLANG_WARN_INFINITE_RECURSION = YES;
				CLANG_WARN_INT_CONVERSION = YES;
				CLANG_WARN_NON_LITERAL_NULL_CONVERSION = YES;
				CLANG_WARN_OBJC_IMPLICIT_RETAIN_SELF = YES;
				CLANG_WARN_OBJC_LITERAL_CONVERSION = YES;
				CLANG_WARN_OBJC_ROOT_CLASS = YES_ERROR;
				CLANG_WARN_QUOTED_INCLUDE_IN_FRAMEWORK_HEADER = YES;
				CLANG_WARN_RANGE_LOOP_ANALYSIS = YES;
				CLANG_WARN_STRICT_PROTOTYPES = YES;
				CLANG_WARN_SUSPICIOUS_MOVE = YES;
				CLANG_WARN_UNGUARDED_AVAILABILITY = YES_AGGRESSIVE;
				CLANG_WARN_UNREACHABLE_CODE = YES;
				CLANG_WARN__DUPLICATE_METHOD_MATCH = YES;
				COPY_PHASE_STRIP = NO;
				DEBUG_INFORMATION_FORMAT = dwarf;
				ENABLE_STRICT_OBJC_MSGSEND = YES;
				ENABLE_TESTABILITY = YES;
				GCC_C_LANGUAGE_STANDARD = gnu11;
				GCC_DYNAMIC_NO_PIC = NO;
				GCC_NO_COMMON_BLOCKS = YES;
				GCC_OPTIMIZATION_LEVEL = 0;
				GCC_PREPROCESSOR_DEFINITIONS = (
					"DEBUG=1",
					"$(inherited)",
				);
				GCC_WARN_64_TO_32_BIT_CONVERSION = YES;
				GCC_WARN_ABOUT_RETURN_TYPE = YES_ERROR;
				GCC_WARN_UNDECLARED_SELECTOR = YES;
				GCC_WARN_UNINITIALIZED_AUTOS = YES_AGGRESSIVE;
				GCC_WARN_UNUSED_FUNCTION = YES;
				GCC_WARN_UNUSED_VARIABLE = YES;
				IPHONEOS_DEPLOYMENT_TARGET = 16.4;
				MTL_ENABLE_DEBUG_INFO = INCLUDE_SOURCE;
				MTL_FAST_MATH = YES;
				ONLY_ACTIVE_ARCH = YES;
				SDKROOT = iphoneos;
				SWIFT_ACTIVE_COMPILATION_CONDITIONS = DEBUG;
				SWIFT_OPTIMIZATION_LEVEL = "-Onone";
			};
			name = Debug;
		};
		6C1002122A8BE9AA0049C9A9 /* Release */ = {
			isa = XCBuildConfiguration;
			buildSettings = {
				ALWAYS_SEARCH_USER_PATHS = NO;
				CLANG_ANALYZER_NONNULL = YES;
				CLANG_ANALYZER_NUMBER_OBJECT_CONVERSION = YES_AGGRESSIVE;
				CLANG_CXX_LANGUAGE_STANDARD = "gnu++20";
				CLANG_ENABLE_MODULES = YES;
				CLANG_ENABLE_OBJC_ARC = YES;
				CLANG_ENABLE_OBJC_WEAK = YES;
				CLANG_WARN_BLOCK_CAPTURE_AUTORELEASING = YES;
				CLANG_WARN_BOOL_CONVERSION = YES;
				CLANG_WARN_COMMA = YES;
				CLANG_WARN_CONSTANT_CONVERSION = YES;
				CLANG_WARN_DEPRECATED_OBJC_IMPLEMENTATIONS = YES;
				CLANG_WARN_DIRECT_OBJC_ISA_USAGE = YES_ERROR;
				CLANG_WARN_DOCUMENTATION_COMMENTS = YES;
				CLANG_WARN_EMPTY_BODY = YES;
				CLANG_WARN_ENUM_CONVERSION = YES;
				CLANG_WARN_INFINITE_RECURSION = YES;
				CLANG_WARN_INT_CONVERSION = YES;
				CLANG_WARN_NON_LITERAL_NULL_CONVERSION = YES;
				CLANG_WARN_OBJC_IMPLICIT_RETAIN_SELF = YES;
				CLANG_WARN_OBJC_LITERAL_CONVERSION = YES;
				CLANG_WARN_OBJC_ROOT_CLASS = YES_ERROR;
				CLANG_WARN_QUOTED_INCLUDE_IN_FRAMEWORK_HEADER = YES;
				CLANG_WARN_RANGE_LOOP_ANALYSIS = YES;
				CLANG_WARN_STRICT_PROTOTYPES = YES;
				CLANG_WARN_SUSPICIOUS_MOVE = YES;
				CLANG_WARN_UNGUARDED_AVAILABILITY = YES_AGGRESSIVE;
				CLANG_WARN_UNREACHABLE_CODE = YES;
				CLANG_WARN__DUPLICATE_METHOD_MATCH = YES;
				COPY_PHASE_STRIP = NO;
				DEBUG_INFORMATION_FORMAT = "dwarf-with-dsym";
				ENABLE_NS_ASSERTIONS = NO;
				ENABLE_STRICT_OBJC_MSGSEND = YES;
				GCC_C_LANGUAGE_STANDARD = gnu11;
				GCC_NO_COMMON_BLOCKS = YES;
				GCC_WARN_64_TO_32_BIT_CONVERSION = YES;
				GCC_WARN_ABOUT_RETURN_TYPE = YES_ERROR;
				GCC_WARN_UNDECLARED_SELECTOR = YES;
				GCC_WARN_UNINITIALIZED_AUTOS = YES_AGGRESSIVE;
				GCC_WARN_UNUSED_FUNCTION = YES;
				GCC_WARN_UNUSED_VARIABLE = YES;
				IPHONEOS_DEPLOYMENT_TARGET = 16.4;
				MTL_ENABLE_DEBUG_INFO = NO;
				MTL_FAST_MATH = YES;
				SDKROOT = iphoneos;
				SWIFT_COMPILATION_MODE = wholemodule;
				SWIFT_OPTIMIZATION_LEVEL = "-O";
				VALIDATE_PRODUCT = YES;
			};
			name = Release;
		};
		6C1002142A8BE9AA0049C9A9 /* Debug */ = {
			isa = XCBuildConfiguration;
			buildSettings = {
				ASSETCATALOG_COMPILER_APPICON_NAME = AppIcon;
				ASSETCATALOG_COMPILER_GLOBAL_ACCENT_COLOR_NAME = AccentColor;
				CODE_SIGN_STYLE = Automatic;
				CURRENT_PROJECT_VERSION = 1;
				DEVELOPMENT_ASSET_PATHS = "\"Threads/Preview Content\"";
				DEVELOPMENT_TEAM = 345UR7Z9A7;
				ENABLE_PREVIEWS = YES;
				GENERATE_INFOPLIST_FILE = YES;
				INFOPLIST_KEY_UIApplicationSceneManifest_Generation = YES;
				INFOPLIST_KEY_UIApplicationSupportsIndirectInputEvents = YES;
				INFOPLIST_KEY_UILaunchScreen_Generation = YES;
				INFOPLIST_KEY_UISupportedInterfaceOrientations_iPad = "UIInterfaceOrientationPortrait UIInterfaceOrientationPortraitUpsideDown UIInterfaceOrientationLandscapeLeft UIInterfaceOrientationLandscapeRight";
				INFOPLIST_KEY_UISupportedInterfaceOrientations_iPhone = "UIInterfaceOrientationPortrait UIInterfaceOrientationLandscapeLeft UIInterfaceOrientationLandscapeRight";
				LD_RUNPATH_SEARCH_PATHS = (
					"$(inherited)",
					"@executable_path/Frameworks",
				);
				MARKETING_VERSION = 1.0;
				PRODUCT_BUNDLE_IDENTIFIER = com.rotadevsolutions.Threads;
				PRODUCT_NAME = "$(TARGET_NAME)";
				SWIFT_EMIT_LOC_STRINGS = YES;
				SWIFT_VERSION = 5.0;
				TARGETED_DEVICE_FAMILY = "1,2";
			};
			name = Debug;
		};
		6C1002152A8BE9AA0049C9A9 /* Release */ = {
			isa = XCBuildConfiguration;
			buildSettings = {
				ASSETCATALOG_COMPILER_APPICON_NAME = AppIcon;
				ASSETCATALOG_COMPILER_GLOBAL_ACCENT_COLOR_NAME = AccentColor;
				CODE_SIGN_STYLE = Automatic;
				CURRENT_PROJECT_VERSION = 1;
				DEVELOPMENT_ASSET_PATHS = "\"Threads/Preview Content\"";
				DEVELOPMENT_TEAM = 345UR7Z9A7;
				ENABLE_PREVIEWS = YES;
				GENERATE_INFOPLIST_FILE = YES;
				INFOPLIST_KEY_UIApplicationSceneManifest_Generation = YES;
				INFOPLIST_KEY_UIApplicationSupportsIndirectInputEvents = YES;
				INFOPLIST_KEY_UILaunchScreen_Generation = YES;
				INFOPLIST_KEY_UISupportedInterfaceOrientations_iPad = "UIInterfaceOrientationPortrait UIInterfaceOrientationPortraitUpsideDown UIInterfaceOrientationLandscapeLeft UIInterfaceOrientationLandscapeRight";
				INFOPLIST_KEY_UISupportedInterfaceOrientations_iPhone = "UIInterfaceOrientationPortrait UIInterfaceOrientationLandscapeLeft UIInterfaceOrientationLandscapeRight";
				LD_RUNPATH_SEARCH_PATHS = (
					"$(inherited)",
					"@executable_path/Frameworks",
				);
				MARKETING_VERSION = 1.0;
				PRODUCT_BUNDLE_IDENTIFIER = com.rotadevsolutions.Threads;
				PRODUCT_NAME = "$(TARGET_NAME)";
				SWIFT_EMIT_LOC_STRINGS = YES;
				SWIFT_VERSION = 5.0;
				TARGETED_DEVICE_FAMILY = "1,2";
			};
			name = Release;
		};
/* End XCBuildConfiguration section */

/* Begin XCConfigurationList section */
		6C1002002A8BE9A80049C9A9 /* Build configuration list for PBXProject "Threads" */ = {
			isa = XCConfigurationList;
			buildConfigurations = (
				6C1002112A8BE9AA0049C9A9 /* Debug */,
				6C1002122A8BE9AA0049C9A9 /* Release */,
			);
			defaultConfigurationIsVisible = 0;
			defaultConfigurationName = Release;
		};
		6C1002132A8BE9AA0049C9A9 /* Build configuration list for PBXNativeTarget "Threads" */ = {
			isa = XCConfigurationList;
			buildConfigurations = (
				6C1002142A8BE9AA0049C9A9 /* Debug */,
				6C1002152A8BE9AA0049C9A9 /* Release */,
			);
			defaultConfigurationIsVisible = 0;
			defaultConfigurationName = Release;
		};
/* End XCConfigurationList section */

/* Begin XCRemoteSwiftPackageReference section */
		6CBDD4422B583E2B002AAE0F /* XCRemoteSwiftPackageReference "firebase-ios-sdk" */ = {
			isa = XCRemoteSwiftPackageReference;
			repositoryURL = "https://github.com/firebase/firebase-ios-sdk";
			requirement = {
				kind = upToNextMajorVersion;
				minimumVersion = 10.20.0;
			};
		};
		6CF0FEBA2B7139230089D6BC /* XCRemoteSwiftPackageReference "Kingfisher" */ = {
			isa = XCRemoteSwiftPackageReference;
			repositoryURL = "https://github.com/onevcat/Kingfisher.git";
			requirement = {
				kind = upToNextMajorVersion;
				minimumVersion = 7.10.2;
			};
		};
/* End XCRemoteSwiftPackageReference section */

/* Begin XCSwiftPackageProductDependency section */
		6CBDD4432B583E2B002AAE0F /* FirebaseAnalytics */ = {
			isa = XCSwiftPackageProductDependency;
			package = 6CBDD4422B583E2B002AAE0F /* XCRemoteSwiftPackageReference "firebase-ios-sdk" */;
			productName = FirebaseAnalytics;
		};
		6CBDD4452B583E2B002AAE0F /* FirebaseAnalyticsOnDeviceConversion */ = {
			isa = XCSwiftPackageProductDependency;
			package = 6CBDD4422B583E2B002AAE0F /* XCRemoteSwiftPackageReference "firebase-ios-sdk" */;
			productName = FirebaseAnalyticsOnDeviceConversion;
		};
		6CBDD4472B583E2B002AAE0F /* FirebaseAnalyticsSwift */ = {
			isa = XCSwiftPackageProductDependency;
			package = 6CBDD4422B583E2B002AAE0F /* XCRemoteSwiftPackageReference "firebase-ios-sdk" */;
			productName = FirebaseAnalyticsSwift;
		};
		6CBDD4492B583E2B002AAE0F /* FirebaseAnalyticsWithoutAdIdSupport */ = {
			isa = XCSwiftPackageProductDependency;
			package = 6CBDD4422B583E2B002AAE0F /* XCRemoteSwiftPackageReference "firebase-ios-sdk" */;
			productName = FirebaseAnalyticsWithoutAdIdSupport;
		};
		6CBDD44B2B583E2B002AAE0F /* FirebaseAppCheck */ = {
			isa = XCSwiftPackageProductDependency;
			package = 6CBDD4422B583E2B002AAE0F /* XCRemoteSwiftPackageReference "firebase-ios-sdk" */;
			productName = FirebaseAppCheck;
		};
		6CBDD44D2B583E2B002AAE0F /* FirebaseAppDistribution-Beta */ = {
			isa = XCSwiftPackageProductDependency;
			package = 6CBDD4422B583E2B002AAE0F /* XCRemoteSwiftPackageReference "firebase-ios-sdk" */;
			productName = "FirebaseAppDistribution-Beta";
		};
		6CBDD44F2B583E2B002AAE0F /* FirebaseAuth */ = {
			isa = XCSwiftPackageProductDependency;
			package = 6CBDD4422B583E2B002AAE0F /* XCRemoteSwiftPackageReference "firebase-ios-sdk" */;
			productName = FirebaseAuth;
		};
		6CBDD4512B583E2B002AAE0F /* FirebaseAuthCombine-Community */ = {
			isa = XCSwiftPackageProductDependency;
			package = 6CBDD4422B583E2B002AAE0F /* XCRemoteSwiftPackageReference "firebase-ios-sdk" */;
			productName = "FirebaseAuthCombine-Community";
		};
		6CBDD4532B583E2B002AAE0F /* FirebaseCrashlytics */ = {
			isa = XCSwiftPackageProductDependency;
			package = 6CBDD4422B583E2B002AAE0F /* XCRemoteSwiftPackageReference "firebase-ios-sdk" */;
			productName = FirebaseCrashlytics;
		};
		6CBDD4552B583E2B002AAE0F /* FirebaseDatabase */ = {
			isa = XCSwiftPackageProductDependency;
			package = 6CBDD4422B583E2B002AAE0F /* XCRemoteSwiftPackageReference "firebase-ios-sdk" */;
			productName = FirebaseDatabase;
		};
		6CBDD4572B583E2B002AAE0F /* FirebaseDatabaseSwift */ = {
			isa = XCSwiftPackageProductDependency;
			package = 6CBDD4422B583E2B002AAE0F /* XCRemoteSwiftPackageReference "firebase-ios-sdk" */;
			productName = FirebaseDatabaseSwift;
		};
		6CBDD4592B583E2B002AAE0F /* FirebaseDynamicLinks */ = {
			isa = XCSwiftPackageProductDependency;
			package = 6CBDD4422B583E2B002AAE0F /* XCRemoteSwiftPackageReference "firebase-ios-sdk" */;
			productName = FirebaseDynamicLinks;
		};
		6CBDD45B2B583E2B002AAE0F /* FirebaseFirestore */ = {
			isa = XCSwiftPackageProductDependency;
			package = 6CBDD4422B583E2B002AAE0F /* XCRemoteSwiftPackageReference "firebase-ios-sdk" */;
			productName = FirebaseFirestore;
		};
		6CBDD45D2B583E2B002AAE0F /* FirebaseFirestoreCombine-Community */ = {
			isa = XCSwiftPackageProductDependency;
			package = 6CBDD4422B583E2B002AAE0F /* XCRemoteSwiftPackageReference "firebase-ios-sdk" */;
			productName = "FirebaseFirestoreCombine-Community";
		};
		6CBDD45F2B583E2B002AAE0F /* FirebaseFirestoreSwift */ = {
			isa = XCSwiftPackageProductDependency;
			package = 6CBDD4422B583E2B002AAE0F /* XCRemoteSwiftPackageReference "firebase-ios-sdk" */;
			productName = FirebaseFirestoreSwift;
		};
		6CBDD4612B583E2B002AAE0F /* FirebaseFunctions */ = {
			isa = XCSwiftPackageProductDependency;
			package = 6CBDD4422B583E2B002AAE0F /* XCRemoteSwiftPackageReference "firebase-ios-sdk" */;
			productName = FirebaseFunctions;
		};
		6CBDD4632B583E2B002AAE0F /* FirebaseFunctionsCombine-Community */ = {
			isa = XCSwiftPackageProductDependency;
			package = 6CBDD4422B583E2B002AAE0F /* XCRemoteSwiftPackageReference "firebase-ios-sdk" */;
			productName = "FirebaseFunctionsCombine-Community";
		};
		6CBDD4652B583E2B002AAE0F /* FirebaseInAppMessaging-Beta */ = {
			isa = XCSwiftPackageProductDependency;
			package = 6CBDD4422B583E2B002AAE0F /* XCRemoteSwiftPackageReference "firebase-ios-sdk" */;
			productName = "FirebaseInAppMessaging-Beta";
		};
		6CBDD4672B583E2B002AAE0F /* FirebaseInAppMessagingSwift-Beta */ = {
			isa = XCSwiftPackageProductDependency;
			package = 6CBDD4422B583E2B002AAE0F /* XCRemoteSwiftPackageReference "firebase-ios-sdk" */;
			productName = "FirebaseInAppMessagingSwift-Beta";
		};
		6CBDD4692B583E2B002AAE0F /* FirebaseInstallations */ = {
			isa = XCSwiftPackageProductDependency;
			package = 6CBDD4422B583E2B002AAE0F /* XCRemoteSwiftPackageReference "firebase-ios-sdk" */;
			productName = FirebaseInstallations;
		};
		6CBDD46B2B583E2B002AAE0F /* FirebaseMLModelDownloader */ = {
			isa = XCSwiftPackageProductDependency;
			package = 6CBDD4422B583E2B002AAE0F /* XCRemoteSwiftPackageReference "firebase-ios-sdk" */;
			productName = FirebaseMLModelDownloader;
		};
		6CBDD46D2B583E2B002AAE0F /* FirebaseMessaging */ = {
			isa = XCSwiftPackageProductDependency;
			package = 6CBDD4422B583E2B002AAE0F /* XCRemoteSwiftPackageReference "firebase-ios-sdk" */;
			productName = FirebaseMessaging;
		};
		6CBDD46F2B583E2B002AAE0F /* FirebasePerformance */ = {
			isa = XCSwiftPackageProductDependency;
			package = 6CBDD4422B583E2B002AAE0F /* XCRemoteSwiftPackageReference "firebase-ios-sdk" */;
			productName = FirebasePerformance;
		};
		6CBDD4712B583E2B002AAE0F /* FirebaseRemoteConfig */ = {
			isa = XCSwiftPackageProductDependency;
			package = 6CBDD4422B583E2B002AAE0F /* XCRemoteSwiftPackageReference "firebase-ios-sdk" */;
			productName = FirebaseRemoteConfig;
		};
		6CBDD4732B583E2B002AAE0F /* FirebaseRemoteConfigSwift */ = {
			isa = XCSwiftPackageProductDependency;
			package = 6CBDD4422B583E2B002AAE0F /* XCRemoteSwiftPackageReference "firebase-ios-sdk" */;
			productName = FirebaseRemoteConfigSwift;
		};
		6CBDD4752B583E2B002AAE0F /* FirebaseStorage */ = {
			isa = XCSwiftPackageProductDependency;
			package = 6CBDD4422B583E2B002AAE0F /* XCRemoteSwiftPackageReference "firebase-ios-sdk" */;
			productName = FirebaseStorage;
		};
		6CBDD4772B583E2B002AAE0F /* FirebaseStorageCombine-Community */ = {
			isa = XCSwiftPackageProductDependency;
			package = 6CBDD4422B583E2B002AAE0F /* XCRemoteSwiftPackageReference "firebase-ios-sdk" */;
			productName = "FirebaseStorageCombine-Community";
		};
		6CF0FEBB2B7139230089D6BC /* Kingfisher */ = {
			isa = XCSwiftPackageProductDependency;
			package = 6CF0FEBA2B7139230089D6BC /* XCRemoteSwiftPackageReference "Kingfisher" */;
			productName = Kingfisher;
		};
/* End XCSwiftPackageProductDependency section */
	};
	rootObject = 6C1001FD2A8BE9A80049C9A9 /* Project object */;
}
